
Microsoft Visual Studio Solution File, Format Version 12.00
# Visual Studio Version 17
VisualStudioVersion = 17.0.31903.59
MinimumVisualStudioVersion = 10.0.40219.1
Project("{2150E333-8FDC-42A3-9474-1A3956D46DE8}") = "src", "src", "{B70208EA-BC4A-4C23-B4EF-3899F8A38DCB}"
EndProject
Project("{FAE04EC0-301F-11D3-BF4B-00C04F79EFBC}") = "Eventy.Service.Domain", "src\Eventy.Service.Domain\Eventy.Service.Domain.csproj", "{236D4B5E-3591-4306-8726-02EF6F2E8DE1}"
EndProject
Project("{FAE04EC0-301F-11D3-BF4B-00C04F79EFBC}") = "Eventy.Service.Host", "src\Eventy.Service.Host\Eventy.Service.Host.csproj", "{550C10CA-054A-42D5-9C84-24CB0F883057}"
EndProject
Project("{FAE04EC0-301F-11D3-BF4B-00C04F79EFBC}") = "Eventy.Service.Infra.Data.Dependencies", "src\Eventy.Service.Infra.Data.Dependencies\Eventy.Service.Infra.Data.Dependencies.csproj", "{22918DDD-D227-4709-B8C4-E25392007733}"
EndProject
Project("{FAE04EC0-301F-11D3-BF4B-00C04F79EFBC}") = "Eventy.Service.Infra.Data", "src\Eventy.Service.Infra.Data\Eventy.Service.Infra.Data.csproj", "{D671ABB4-77D2-4AE1-AEBE-A3F0C8556286}"
EndProject
Global
	GlobalSection(SolutionConfigurationPlatforms) = preSolution
		Debug|Any CPU = Debug|Any CPU
		Release|Any CPU = Release|Any CPU
	EndGlobalSection
	GlobalSection(SolutionProperties) = preSolution
		HideSolutionNode = FALSE
	EndGlobalSection
	GlobalSection(ProjectConfigurationPlatforms) = postSolution
		{236D4B5E-3591-4306-8726-02EF6F2E8DE1}.Debug|Any CPU.ActiveCfg = Debug|Any CPU
		{236D4B5E-3591-4306-8726-02EF6F2E8DE1}.Debug|Any CPU.Build.0 = Debug|Any CPU
		{236D4B5E-3591-4306-8726-02EF6F2E8DE1}.Release|Any CPU.ActiveCfg = Release|Any CPU
		{236D4B5E-3591-4306-8726-02EF6F2E8DE1}.Release|Any CPU.Build.0 = Release|Any CPU
		{550C10CA-054A-42D5-9C84-24CB0F883057}.Debug|Any CPU.ActiveCfg = Debug|Any CPU
		{550C10CA-054A-42D5-9C84-24CB0F883057}.Debug|Any CPU.Build.0 = Debug|Any CPU
		{550C10CA-054A-42D5-9C84-24CB0F883057}.Release|Any CPU.ActiveCfg = Release|Any CPU
		{550C10CA-054A-42D5-9C84-24CB0F883057}.Release|Any CPU.Build.0 = Release|Any CPU
		{22918DDD-D227-4709-B8C4-E25392007733}.Debug|Any CPU.ActiveCfg = Debug|Any CPU
		{22918DDD-D227-4709-B8C4-E25392007733}.Debug|Any CPU.Build.0 = Debug|Any CPU
		{22918DDD-D227-4709-B8C4-E25392007733}.Release|Any CPU.ActiveCfg = Release|Any CPU
		{22918DDD-D227-4709-B8C4-E25392007733}.Release|Any CPU.Build.0 = Release|Any CPU
		{D671ABB4-77D2-4AE1-AEBE-A3F0C8556286}.Debug|Any CPU.ActiveCfg = Debug|Any CPU
		{D671ABB4-77D2-4AE1-AEBE-A3F0C8556286}.Debug|Any CPU.Build.0 = Debug|Any CPU
		{D671ABB4-77D2-4AE1-AEBE-A3F0C8556286}.Release|Any CPU.ActiveCfg = Release|Any CPU
		{D671ABB4-77D2-4AE1-AEBE-A3F0C8556286}.Release|Any CPU.Build.0 = Release|Any CPU
	EndGlobalSection
	GlobalSection(NestedProjects) = preSolution
		{236D4B5E-3591-4306-8726-02EF6F2E8DE1} = {B70208EA-BC4A-4C23-B4EF-3899F8A38DCB}
		{550C10CA-054A-42D5-9C84-24CB0F883057} = {B70208EA-BC4A-4C23-B4EF-3899F8A38DCB}
		{22918DDD-D227-4709-B8C4-E25392007733} = {B70208EA-BC4A-4C23-B4EF-3899F8A38DCB}
		{D671ABB4-77D2-4AE1-AEBE-A3F0C8556286} = {B70208EA-BC4A-4C23-B4EF-3899F8A38DCB}
	EndGlobalSection
EndGlobal
